// !$*UTF8*$!
{
	archiveVersion = 1;
	classes = {
	};
	objectVersion = 46;
	objects = {

/* Begin PBXBuildFile section */
		2B4BF20D1EF83DAA005FB2C0 /* AppDelegate.swift in Sources */ = {isa = PBXBuildFile; fileRef = 2B4BF20C1EF83DAA005FB2C0 /* AppDelegate.swift */; };
		2B4BF20F1EF83DAA005FB2C0 /* ViewController.swift in Sources */ = {isa = PBXBuildFile; fileRef = 2B4BF20E1EF83DAA005FB2C0 /* ViewController.swift */; };
		2B4BF2121EF83DAA005FB2C0 /* Main.storyboard in Resources */ = {isa = PBXBuildFile; fileRef = 2B4BF2101EF83DAA005FB2C0 /* Main.storyboard */; };
		2B4BF2141EF83DAA005FB2C0 /* Assets.xcassets in Resources */ = {isa = PBXBuildFile; fileRef = 2B4BF2131EF83DAA005FB2C0 /* Assets.xcassets */; };
		2B4BF2171EF83DAA005FB2C0 /* LaunchScreen.storyboard in Resources */ = {isa = PBXBuildFile; fileRef = 2B4BF2151EF83DAA005FB2C0 /* LaunchScreen.storyboard */; };
/* End PBXBuildFile section */

/* Begin PBXFileReference section */
		2B4BF2091EF83DAA005FB2C0 /* SkolprojektNr2.app */ = {isa = PBXFileReference; explicitFileType = wrapper.application; includeInIndex = 0; path = SkolprojektNr2.app; sourceTree = BUILT_PRODUCTS_DIR; };
		2B4BF20C1EF83DAA005FB2C0 /* AppDelegate.swift */ = {isa = PBXFileReference; lastKnownFileType = sourcecode.swift; path = AppDelegate.swift; sourceTree = "<group>"; };
		2B4BF20E1EF83DAA005FB2C0 /* ViewController.swift */ = {isa = PBXFileReference; lastKnownFileType = sourcecode.swift; path = ViewController.swift; sourceTree = "<group>"; };
		2B4BF2111EF83DAA005FB2C0 /* Base */ = {isa = PBXFileReference; lastKnownFileType = file.storyboard; name = Base; path = Base.lproj/Main.storyboard; sourceTree = "<group>"; };
		2B4BF2131EF83DAA005FB2C0 /* Assets.xcassets */ = {isa = PBXFileReference; lastKnownFileType = folder.assetcatalog; path = Assets.xcassets; sourceTree = "<group>"; };
		2B4BF2161EF83DAA005FB2C0 /* Base */ = {isa = PBXFileReference; lastKnownFileType = file.storyboard; name = Base; path = Base.lproj/LaunchScreen.storyboard; sourceTree = "<group>"; };
		2B4BF2181EF83DAA005FB2C0 /* Info.plist */ = {isa = PBXFileReference; lastKnownFileType = text.plist.xml; path = Info.plist; sourceTree = "<group>"; };
/* End PBXFileReference section */

/* Begin PBXFrameworksBuildPhase section */
		2B4BF2061EF83DAA005FB2C0 /* Frameworks */ = {
			isa = PBXFrameworksBuildPhase;
			buildActionMask = 2147483647;
			files = (
			);
			runOnlyForDeploymentPostprocessing = 0;
		};
/* End PBXFrameworksBuildPhase section */

/* Begin PBXGroup section */
		2B4BF2001EF83DAA005FB2C0 = {
			isa = PBXGroup;
			children = (
				2B4BF20B1EF83DAA005FB2C0 /* SkolprojektNr2 */,
				2B4BF20A1EF83DAA005FB2C0 /* Products */,
			);
			sourceTree = "<group>";
		};
		2B4BF20A1EF83DAA005FB2C0 /* Products */ = {
			isa = PBXGroup;
			children = (
				2B4BF2091EF83DAA005FB2C0 /* SkolprojektNr2.app */,
			);
			name = Products;
			sourceTree = "<group>";
		};
		2B4BF20B1EF83DAA005FB2C0 /* SkolprojektNr2 */ = {
			isa = PBXGroup;
			children = (
				2B4BF20C1EF83DAA005FB2C0 /* AppDelegate.swift */,
				2B4BF20E1EF83DAA005FB2C0 /* ViewController.swift */,
				2B4BF2101EF83DAA005FB2C0 /* Main.storyboard */,
				2B4BF2131EF83DAA005FB2C0 /* Assets.xcassets */,
				2B4BF2151EF83DAA005FB2C0 /* LaunchScreen.storyboard */,
				2B4BF2181EF83DAA005FB2C0 /* Info.plist */,
			);
			path = SkolprojektNr2;
			sourceTree = "<group>";
		};
/* End PBXGroup section */

/* Begin PBXNativeTarget section */
		2B4BF2081EF83DAA005FB2C0 /* SkolprojektNr2 */ = {
			isa = PBXNativeTarget;
			buildConfigurationList = 2B4BF21B1EF83DAA005FB2C0 /* Build configuration list for PBXNativeTarget "SkolprojektNr2" */;
			buildPhases = (
				2B4BF2051EF83DAA005FB2C0 /* Sources */,
				2B4BF2061EF83DAA005FB2C0 /* Frameworks */,
				2B4BF2071EF83DAA005FB2C0 /* Resources */,
			);
			buildRules = (
			);
			dependencies = (
			);
			name = SkolprojektNr2;
			productName = SkolprojektNr2;
			productReference = 2B4BF2091EF83DAA005FB2C0 /* SkolprojektNr2.app */;
			productType = "com.apple.product-type.application";
		};
/* End PBXNativeTarget section */

/* Begin PBXProject section */
		2B4BF2011EF83DAA005FB2C0 /* Project object */ = {
			isa = PBXProject;
			attributes = {
				LastSwiftUpdateCheck = 0830;
				LastUpgradeCheck = 0830;
				ORGANIZATIONNAME = "Richard Smith";
				TargetAttributes = {
					2B4BF2081EF83DAA005FB2C0 = {
						CreatedOnToolsVersion = 8.3.3;
						DevelopmentTeam = KZNMS3JRUQ;
						ProvisioningStyle = Automatic;
					};
				};
			};
			buildConfigurationList = 2B4BF2041EF83DAA005FB2C0 /* Build configuration list for PBXProject "SkolprojektNr2" */;
			compatibilityVersion = "Xcode 3.2";
			developmentRegion = English;
			hasScannedForEncodings = 0;
			knownRegions = (
				en,
				Base,
			);
			mainGroup = 2B4BF2001EF83DAA005FB2C0;
			productRefGroup = 2B4BF20A1EF83DAA005FB2C0 /* Products */;
			projectDirPath = "";
			projectRoot = "";
			targets = (
				2B4BF2081EF83DAA005FB2C0 /* SkolprojektNr2 */,
			);
		};
/* End PBXProject section */

/* Begin PBXResourcesBuildPhase section */
		2B4BF2071EF83DAA005FB2C0 /* Resources */ = {
			isa = PBXResourcesBuildPhase;
			buildActionMask = 2147483647;
			files = (
				2B4BF2171EF83DAA005FB2C0 /* LaunchScreen.storyboard in Resources */,
				2B4BF2141EF83DAA005FB2C0 /* Assets.xcassets in Resources */,
				2B4BF2121EF83DAA005FB2C0 /* Main.storyboard in Resources */,
			);
			runOnlyForDeploymentPostprocessing = 0;
		};
/* End PBXResourcesBuildPhase section */

/* Begin PBXSourcesBuildPhase section */
		2B4BF2051EF83DAA005FB2C0 /* Sources */ = {
			isa = PBXSourcesBuildPhase;
			buildActionMask = 2147483647;
			files = (
				2B4BF20F1EF83DAA005FB2C0 /* ViewController.swift in Sources */,
				2B4BF20D1EF83DAA005FB2C0 /* AppDelegate.swift in Sources */,
			);
			runOnlyForDeploymentPostprocessing = 0;
		};
/* End PBXSourcesBuildPhase section */

/* Begin PBXVariantGroup section */
		2B4BF2101EF83DAA005FB2C0 /* Main.storyboard */ = {
			isa = PBXVariantGroup;
			children = (
				2B4BF2111EF83DAA005FB2C0 /* Base */,
			);
			name = Main.storyboard;
			sourceTree = "<group>";
		};
		2B4BF2151EF83DAA005FB2C0 /* LaunchScreen.storyboard */ = {
			isa = PBXVariantGroup;
			children = (
				2B4BF2161EF83DAA005FB2C0 /* Base */,
			);
			name = LaunchScreen.storyboard;
			sourceTree = "<group>";
		};
/* End PBXVariantGroup section */

/* Begin XCBuildConfiguration section */
		2B4BF2191EF83DAA005FB2C0 /* Debug */ = {
			isa = XCBuildConfiguration;
			buildSettings = {
				ALWAYS_SEARCH_USER_PATHS = NO;
				CLANG_ANALYZER_NONNULL = YES;
				CLANG_ANALYZER_NUMBER_OBJECT_CONVERSION = YES_AGGRESSIVE;
				CLANG_CXX_LANGUAGE_STANDARD = "gnu++0x";
				CLANG_CXX_LIBRARY = "libc++";
				CLANG_ENABLE_MODULES = YES;
				CLANG_ENABLE_OBJC_ARC = YES;
				CLANG_WARN_BOOL_CONVERSION = YES;
				CLANG_WARN_CONSTANT_CONVERSION = YES;
				CLANG_WARN_DIRECT_OBJC_ISA_USAGE = YES_ERROR;
				CLANG_WARN_DOCUMENTATION_COMMENTS = YES;
				CLANG_WARN_EMPTY_BODY = YES;
				CLANG_WARN_ENUM_CONVERSION = YES;
				CLANG_WARN_INFINITE_RECURSION = YES;
				CLANG_WARN_INT_CONVERSION = YES;
				CLANG_WARN_OBJC_ROOT_CLASS = YES_ERROR;
				CLANG_WARN_SUSPICIOUS_MOVE = YES;
				CLANG_WARN_UNREACHABLE_CODE = YES;
				CLANG_WARN__DUPLICATE_METHOD_MATCH = YES;
				"CODE_SIGN_IDENTITY[sdk=iphoneos*]" = "iPhone Developer";
				COPY_PHASE_STRIP = NO;
				DEBUG_INFORMATION_FORMAT = dwarf;
				ENABLE_STRICT_OBJC_MSGSEND = YES;
				ENABLE_TESTABILITY = YES;
				GCC_C_LANGUAGE_STANDARD = gnu99;
				GCC_DYNAMIC_NO_PIC = NO;
				GCC_NO_COMMON_BLOCKS = YES;
				GCC_OPTIMIZATION_LEVEL = 0;
				GCC_PREPROCESSOR_DEFINITIONS = (
					"DEBUG=1",
					"$(inherited)",
				);
				GCC_WARN_64_TO_32_BIT_CONVERSION = YES;
				GCC_WARN_ABOUT_RETURN_TYPE = YES_ERROR;
				GCC_WARN_UNDECLARED_SELECTOR = YES;
				GCC_WARN_UNINITIALIZED_AUTOS = YES_AGGRESSIVE;
				GCC_WARN_UNUSED_FUNCTION = YES;
				GCC_WARN_UNUSED_VARIABLE = YES;
				IPHONEOS_DEPLOYMENT_TARGET = 10.3;
				MTL_ENABLE_DEBUG_INFO = YES;
				ONLY_ACTIVE_ARCH = YES;
				SDKROOT = iphoneos;
				SWIFT_ACTIVE_COMPILATION_CONDITIONS = DEBUG;
				SWIFT_OPTIMIZATION_LEVEL = "-Onone";
				TARGETED_DEVICE_FAMILY = "1,2";
			};
			name = Debug;
		};
		2B4BF21A1EF83DAA005FB2C0 /* Release */ = {
			isa = XCBuildConfiguration;
			buildSettings = {
				ALWAYS_SEARCH_USER_PATHS = NO;
				CLANG_ANALYZER_NONNULL = YES;
				CLANG_ANALYZER_NUMBER_OBJECT_CONVERSION = YES_AGGRESSIVE;
				CLANG_CXX_LANGUAGE_STANDARD = "gnu++0x";
				CLANG_CXX_LIBRARY = "libc++";
				CLANG_ENABLE_MODULES = YES;
				CLANG_ENABLE_OBJC_ARC = YES;
				CLANG_WARN_BOOL_CONVERSION = YES;
				CLANG_WARN_CONSTANT_CONVERSION = YES;
				CLANG_WARN_DIRECT_OBJC_ISA_USAGE = YES_ERROR;
				CLANG_WARN_DOCUMENTATION_COMMENTS = YES;
				CLANG_WARN_EMPTY_BODY = YES;
				CLANG_WARN_ENUM_CONVERSION = YES;
				CLANG_WARN_INFINITE_RECURSION = YES;
				CLANG_WARN_INT_CONVERSION = YES;
				CLANG_WARN_OBJC_ROOT_CLASS = YES_ERROR;
				CLANG_WARN_SUSPICIOUS_MOVE = YES;
				CLANG_WARN_UNREACHABLE_CODE = YES;
				CLANG_WARN__DUPLICATE_METHOD_MATCH = YES;
				"CODE_SIGN_IDENTITY[sdk=iphoneos*]" = "iPhone Developer";
				COPY_PHASE_STRIP = NO;
				DEBUG_INFORMATION_FORMAT = "dwarf-with-dsym";
				ENABLE_NS_ASSERTIONS = NO;
				ENABLE_STRICT_OBJC_MSGSEND = YES;
				GCC_C_LANGUAGE_STANDARD = gnu99;
				GCC_NO_COMMON_BLOCKS = YES;
				GCC_WARN_64_TO_32_BIT_CONVERSION = YES;
				GCC_WARN_ABOUT_RETURN_TYPE = YES_ERROR;
				GCC_WARN_UNDECLARED_SELECTOR = YES;
				GCC_WARN_UNINITIALIZED_AUTOS = YES_AGGRESSIVE;
				GCC_WARN_UNUSED_FUNCTION = YES;
				GCC_WARN_UNUSED_VARIABLE = YES;
				IPHONEOS_DEPLOYMENT_TARGET = 10.3;
				MTL_ENABLE_DEBUG_INFO = NO;
				SDKROOT = iphoneos;
				SWIFT_OPTIMIZATION_LEVEL = "-Owholemodule";
				TARGETED_DEVICE_FAMILY = "1,2";
				VALIDATE_PRODUCT = YES;
			};
			name = Release;
		};
		2B4BF21C1EF83DAA005FB2C0 /* Debug */ = {
			isa = XCBuildConfiguration;
			buildSettings = {
				ASSETCATALOG_COMPILER_APPICON_NAME = AppIcon;
				DEVELOPMENT_TEAM = KZNMS3JRUQ;
				INFOPLIST_FILE = SkolprojektNr2/Info.plist;
				LD_RUNPATH_SEARCH_PATHS = "$(inherited) @executable_path/Frameworks";
				PRODUCT_BUNDLE_IDENTIFIER = richard.smith.SkolprojektNr2;
				PRODUCT_NAME = "$(TARGET_NAME)";
				SWIFT_VERSION = 3.0;
			};
			name = Debug;
		};
		2B4BF21D1EF83DAA005FB2C0 /* Release */ = {
			isa = XCBuildConfiguration;
			buildSettings = {
				ASSETCATALOG_COMPILER_APPICON_NAME = AppIcon;
				DEVELOPMENT_TEAM = KZNMS3JRUQ;
				INFOPLIST_FILE = SkolprojektNr2/Info.plist;
				LD_RUNPATH_SEARCH_PATHS = "$(inherited) @executable_path/Frameworks";
				PRODUCT_BUNDLE_IDENTIFIER = richard.smith.SkolprojektNr2;
				PRODUCT_NAME = "$(TARGET_NAME)";
				SWIFT_VERSION = 3.0;
			};
			name = Release;
		};
/* End XCBuildConfiguration section */

/* Begin XCConfigurationList section */
		2B4BF2041EF83DAA005FB2C0 /* Build configuration list for PBXProject "SkolprojektNr2" */ = {
			isa = XCConfigurationList;
			buildConfigurations = (
				2B4BF2191EF83DAA005FB2C0 /* Debug */,
				2B4BF21A1EF83DAA005FB2C0 /* Release */,
			);
			defaultConfigurationIsVisible = 0;
			defaultConfigurationName = Release;
		};
		2B4BF21B1EF83DAA005FB2C0 /* Build configuration list for PBXNativeTarget "SkolprojektNr2" */ = {
			isa = XCConfigurationList;
			buildConfigurations = (
				2B4BF21C1EF83DAA005FB2C0 /* Debug */,
				2B4BF21D1EF83DAA005FB2C0 /* Release */,
			);
			defaultConfigurationIsVisible = 0;
		};
/* End XCConfigurationList section */
	};
	rootObject = 2B4BF2011EF83DAA005FB2C0 /* Project object */;
}
